{
  "name": "controle-financeiro",
  "version": "1.0.0",
  "lockfileVersion": 2,
  "requires": true,
  "packages": {
    "": {
      "name": "controle-financeiro",
      "version": "1.0.0",
      "dependencies": {
        "react": "^18.0.0",
        "react-dom": "^18.0.0",
        "recharts": "^2.1.9",
        "zod": "^3.0.0",
        "@supabase/supabase-js": "^2.0.0"
      },
      "devDependencies": {
        "vite": "^5.0.0"
      }
    },
    "node_modules/vite": {
      "version": "5.0.0",
      "resolved": "https://registry.npmjs.org/vite/-/vite-5.0.0.tgz",
      "integrity": "sha512-mockhash",
      "dev": true
    }
  },
  "dependencies": {
    "vite": {
      "version": "5.0.0",
      "resolved": "https://registry.npmjs.org/vite/-/vite-5.0.0.tgz",
      "integrity": "sha512-mockhash",
      "dev": true
    }
  }
}